
Microsoft Visual Studio Solution File, Format Version 12.00
# Visual Studio Version 17
VisualStudioVersion = 17.10.35013.160
MinimumVisualStudioVersion = 10.0.40219.1
Project("{9A19103F-16F7-4668-BE54-9A1E7A4F7556}") = "MySalesBot", "MySalesBot\MySalesBot.csproj", "{9D41F3A9-A27A-4B6A-9C84-6C54DB82BB08}"
EndProject
Project("{9A19103F-16F7-4668-BE54-9A1E7A4F7556}") = "MyApp.Models", "MyApp.Models\MyApp.Models.csproj", "{312753CA-FDE4-40C4-8523-58EE8C482558}"
EndProject
Project("{9A19103F-16F7-4668-BE54-9A1E7A4F7556}") = "TelegramBotApp", "TelegramBotApp\TelegramBotApp.csproj", "{D7AE9A8B-2500-4A9A-AB9D-C8D3787F04F2}"
EndProject
Global
	GlobalSection(SolutionConfigurationPlatforms) = preSolution
		Debug|Any CPU = Debug|Any CPU
		Release|Any CPU = Release|Any CPU
	EndGlobalSection
	GlobalSection(ProjectConfigurationPlatforms) = postSolution
		{9D41F3A9-A27A-4B6A-9C84-6C54DB82BB08}.Debug|Any CPU.ActiveCfg = Debug|Any CPU
		{9D41F3A9-A27A-4B6A-9C84-6C54DB82BB08}.Debug|Any CPU.Build.0 = Debug|Any CPU
		{9D41F3A9-A27A-4B6A-9C84-6C54DB82BB08}.Release|Any CPU.ActiveCfg = Release|Any CPU
		{9D41F3A9-A27A-4B6A-9C84-6C54DB82BB08}.Release|Any CPU.Build.0 = Release|Any CPU
		{312753CA-FDE4-40C4-8523-58EE8C482558}.Debug|Any CPU.ActiveCfg = Debug|Any CPU
		{312753CA-FDE4-40C4-8523-58EE8C482558}.Debug|Any CPU.Build.0 = Debug|Any CPU
		{312753CA-FDE4-40C4-8523-58EE8C482558}.Release|Any CPU.ActiveCfg = Release|Any CPU
		{312753CA-FDE4-40C4-8523-58EE8C482558}.Release|Any CPU.Build.0 = Release|Any CPU
		{D7AE9A8B-2500-4A9A-AB9D-C8D3787F04F2}.Debug|Any CPU.ActiveCfg = Debug|Any CPU
		{D7AE9A8B-2500-4A9A-AB9D-C8D3787F04F2}.Debug|Any CPU.Build.0 = Debug|Any CPU
		{D7AE9A8B-2500-4A9A-AB9D-C8D3787F04F2}.Debug|Any CPU.Deploy.0 = Debug|Any CPU
		{D7AE9A8B-2500-4A9A-AB9D-C8D3787F04F2}.Release|Any CPU.ActiveCfg = Release|Any CPU
		{D7AE9A8B-2500-4A9A-AB9D-C8D3787F04F2}.Release|Any CPU.Build.0 = Release|Any CPU
		{D7AE9A8B-2500-4A9A-AB9D-C8D3787F04F2}.Release|Any CPU.Deploy.0 = Release|Any CPU
	EndGlobalSection
	GlobalSection(SolutionProperties) = preSolution
		HideSolutionNode = FALSE
	EndGlobalSection
	GlobalSection(ExtensibilityGlobals) = postSolution
		SolutionGuid = {A9EC2774-40B8-46CE-A878-CE3D106EE9B4}
	EndGlobalSection
EndGlobal
